
Microsoft Visual Studio Solution File, Format Version 12.00
# Visual Studio Version 16
VisualStudioVersion = 16.0.31005.135
MinimumVisualStudioVersion = 10.0.40219.1
Project("{FAE04EC0-301F-11D3-BF4B-00C04F79EFBC}") = "BT2", "BT2\BT2.csproj", "{A32E6CC1-C06A-4322-A4E7-D95CD3B64C0B}"
EndProject
Global
	GlobalSection(SolutionConfigurationPlatforms) = preSolution
		Debug|Any CPU = Debug|Any CPU
		Release|Any CPU = Release|Any CPU
	EndGlobalSection
	GlobalSection(ProjectConfigurationPlatforms) = postSolution
		{A32E6CC1-C06A-4322-A4E7-D95CD3B64C0B}.Debug|Any CPU.ActiveCfg = Debug|Any CPU
		{A32E6CC1-C06A-4322-A4E7-D95CD3B64C0B}.Debug|Any CPU.Build.0 = Debug|Any CPU
		{A32E6CC1-C06A-4322-A4E7-D95CD3B64C0B}.Release|Any CPU.ActiveCfg = Release|Any CPU
		{A32E6CC1-C06A-4322-A4E7-D95CD3B64C0B}.Release|Any CPU.Build.0 = Release|Any CPU
	EndGlobalSection
	GlobalSection(SolutionProperties) = preSolution
		HideSolutionNode = FALSE
	EndGlobalSection
	GlobalSection(ExtensibilityGlobals) = postSolution
		SolutionGuid = {9828FA8C-BDE0-4EC9-A356-66A2960D4D6E}
	EndGlobalSection
EndGlobal
