
Microsoft Visual Studio Solution File, Format Version 12.00
# Visual Studio Version 16
VisualStudioVersion = 16.0.31005.135
MinimumVisualStudioVersion = 10.0.40219.1
Project("{FAE04EC0-301F-11D3-BF4B-00C04F79EFBC}") = "Baitapmoi", "Baitapmoi\Baitapmoi.csproj", "{50766DC0-44B5-4780-BB60-F49421AB81E7}"
EndProject
Global
	GlobalSection(SolutionConfigurationPlatforms) = preSolution
		Debug|Any CPU = Debug|Any CPU
		Release|Any CPU = Release|Any CPU
	EndGlobalSection
	GlobalSection(ProjectConfigurationPlatforms) = postSolution
		{50766DC0-44B5-4780-BB60-F49421AB81E7}.Debug|Any CPU.ActiveCfg = Debug|Any CPU
		{50766DC0-44B5-4780-BB60-F49421AB81E7}.Debug|Any CPU.Build.0 = Debug|Any CPU
		{50766DC0-44B5-4780-BB60-F49421AB81E7}.Release|Any CPU.ActiveCfg = Release|Any CPU
		{50766DC0-44B5-4780-BB60-F49421AB81E7}.Release|Any CPU.Build.0 = Release|Any CPU
	EndGlobalSection
	GlobalSection(SolutionProperties) = preSolution
		HideSolutionNode = FALSE
	EndGlobalSection
	GlobalSection(ExtensibilityGlobals) = postSolution
		SolutionGuid = {F8517F15-A3D0-49FE-8FCB-E5C664661394}
	EndGlobalSection
EndGlobal
